
Microsoft Visual Studio Solution File, Format Version 12.00
# Visual Studio Version 18
VisualStudioVersion = 18.1.11312.151 d18.0
MinimumVisualStudioVersion = 10.0.40219.1
Project("{FAE04EC0-301F-11D3-BF4B-00C04F79EFBC}") = "ArkProjects.UefiModTools", "ArkProjects.UefiModTools\ArkProjects.UefiModTools.csproj", "{BA33C285-890D-436C-8324-EA95BDF8E727}"
EndProject
Project("{FAE04EC0-301F-11D3-BF4B-00C04F79EFBC}") = "ArkProjects.UefiModTools.Smbios", "ArkProjects.UefiModTools.Smbios\ArkProjects.UefiModTools.Smbios.csproj", "{C5C77475-FDDE-4182-904B-3A32F7020EF0}"
EndProject
Project("{2150E333-8FDC-42A3-9474-1A3956D46DE8}") = "SolutionFiles", "SolutionFiles", "{38102549-806E-43D5-A880-748844592AD6}"
	ProjectSection(SolutionItems) = preProject
		Directory.Build.props = Directory.Build.props
		Directory.Build.targets = Directory.Build.targets
	EndProjectSection
EndProject
Global
	GlobalSection(SolutionConfigurationPlatforms) = preSolution
		Debug|Any CPU = Debug|Any CPU
		Release|Any CPU = Release|Any CPU
	EndGlobalSection
	GlobalSection(ProjectConfigurationPlatforms) = postSolution
		{BA33C285-890D-436C-8324-EA95BDF8E727}.Debug|Any CPU.ActiveCfg = Debug|Any CPU
		{BA33C285-890D-436C-8324-EA95BDF8E727}.Debug|Any CPU.Build.0 = Debug|Any CPU
		{BA33C285-890D-436C-8324-EA95BDF8E727}.Release|Any CPU.ActiveCfg = Release|Any CPU
		{BA33C285-890D-436C-8324-EA95BDF8E727}.Release|Any CPU.Build.0 = Release|Any CPU
		{C5C77475-FDDE-4182-904B-3A32F7020EF0}.Debug|Any CPU.ActiveCfg = Debug|Any CPU
		{C5C77475-FDDE-4182-904B-3A32F7020EF0}.Debug|Any CPU.Build.0 = Debug|Any CPU
		{C5C77475-FDDE-4182-904B-3A32F7020EF0}.Release|Any CPU.ActiveCfg = Release|Any CPU
		{C5C77475-FDDE-4182-904B-3A32F7020EF0}.Release|Any CPU.Build.0 = Release|Any CPU
	EndGlobalSection
	GlobalSection(SolutionProperties) = preSolution
		HideSolutionNode = FALSE
	EndGlobalSection
	GlobalSection(ExtensibilityGlobals) = postSolution
		SolutionGuid = {B628E9C0-CE37-47F2-9465-CBCF269A27CE}
	EndGlobalSection
EndGlobal
